{
  "lockfileVersion": 1,
  "workspaces": {
    "": {
      "name": "cardano-risk-coworker-preflight",
      "dependencies": {
        "@noble/hashes": "^2.0.1",
      },
    },
  },
  "packages": {
    "@noble/hashes": ["@noble/hashes@2.4.0", "", {}, "sha512-X5XaVWZIBCT7HHZGm5I7ZQXDwLG+bGXuSrMQAW+7Zvl87h1kmc1ZB1VSRJcpUfoUrGQp4Fkoxm5kZ+Ms+aW+eA=="],
  }
}
